
Microsoft Visual Studio Solution File, Format Version 12.00
# Visual Studio Version 17
VisualStudioVersion = 17.3.32825.248
MinimumVisualStudioVersion = 10.0.40219.1
Project("{FAE04EC0-301F-11D3-BF4B-00C04F79EFBC}") = "Lab3_sakharov", "Lab3_sakharov\Lab3_sakharov.csproj", "{3AF9F61C-067E-44C2-990C-0433B387EF83}"
EndProject
Global
	GlobalSection(SolutionConfigurationPlatforms) = preSolution
		Debug|Any CPU = Debug|Any CPU
		Release|Any CPU = Release|Any CPU
	EndGlobalSection
	GlobalSection(ProjectConfigurationPlatforms) = postSolution
		{3AF9F61C-067E-44C2-990C-0433B387EF83}.Debug|Any CPU.ActiveCfg = Debug|Any CPU
		{3AF9F61C-067E-44C2-990C-0433B387EF83}.Debug|Any CPU.Build.0 = Debug|Any CPU
		{3AF9F61C-067E-44C2-990C-0433B387EF83}.Release|Any CPU.ActiveCfg = Release|Any CPU
		{3AF9F61C-067E-44C2-990C-0433B387EF83}.Release|Any CPU.Build.0 = Release|Any CPU
	EndGlobalSection
	GlobalSection(SolutionProperties) = preSolution
		HideSolutionNode = FALSE
	EndGlobalSection
	GlobalSection(ExtensibilityGlobals) = postSolution
		SolutionGuid = {EAD80C7A-E849-45AC-A86F-BDA67674E4CB}
	EndGlobalSection
EndGlobal
